
Microsoft Visual Studio Solution File, Format Version 12.00
# Visual Studio 15
VisualStudioVersion = 15.0.26730.16
MinimumVisualStudioVersion = 10.0.40219.1
Project("{FAE04EC0-301F-11D3-BF4B-00C04F79EFBC}") = "Problem38", "Problem38\Problem38.csproj", "{458A4A5D-AFF5-4C30-AC58-A717C23CAB82}"
EndProject
Project("{FAE04EC0-301F-11D3-BF4B-00C04F79EFBC}") = "Problem39", "Problem39\Problem39.csproj", "{CA9116DD-0D21-4577-8644-4D7E68820AB3}"
EndProject
Global
	GlobalSection(SolutionConfigurationPlatforms) = preSolution
		Debug|Any CPU = Debug|Any CPU
		Release|Any CPU = Release|Any CPU
	EndGlobalSection
	GlobalSection(ProjectConfigurationPlatforms) = postSolution
		{458A4A5D-AFF5-4C30-AC58-A717C23CAB82}.Debug|Any CPU.ActiveCfg = Debug|Any CPU
		{458A4A5D-AFF5-4C30-AC58-A717C23CAB82}.Debug|Any CPU.Build.0 = Debug|Any CPU
		{458A4A5D-AFF5-4C30-AC58-A717C23CAB82}.Release|Any CPU.ActiveCfg = Release|Any CPU
		{458A4A5D-AFF5-4C30-AC58-A717C23CAB82}.Release|Any CPU.Build.0 = Release|Any CPU
		{CA9116DD-0D21-4577-8644-4D7E68820AB3}.Debug|Any CPU.ActiveCfg = Debug|Any CPU
		{CA9116DD-0D21-4577-8644-4D7E68820AB3}.Debug|Any CPU.Build.0 = Debug|Any CPU
		{CA9116DD-0D21-4577-8644-4D7E68820AB3}.Release|Any CPU.ActiveCfg = Release|Any CPU
		{CA9116DD-0D21-4577-8644-4D7E68820AB3}.Release|Any CPU.Build.0 = Release|Any CPU
	EndGlobalSection
	GlobalSection(SolutionProperties) = preSolution
		HideSolutionNode = FALSE
	EndGlobalSection
	GlobalSection(ExtensibilityGlobals) = postSolution
		SolutionGuid = {898AD205-1E97-4284-A240-CE4AEFE16DB5}
	EndGlobalSection
EndGlobal
